// !$*UTF8*$!
{
	archiveVersion = 1;
	classes = {
	};
	objectVersion = 46;
	objects = {

/* Begin PBXBuildFile section */
		CA0EA6E01F463845000F1ECA /* IconView.swift in Sources */ = {isa = PBXBuildFile; fileRef = CA0EA6DF1F463845000F1ECA /* IconView.swift */; };
		CA0EA6E21F463E6C000F1ECA /* DefaultIconTableViewCell.swift in Sources */ = {isa = PBXBuildFile; fileRef = CA0EA6E11F463E6C000F1ECA /* DefaultIconTableViewCell.swift */; };
		CA0EA6E41F463E8C000F1ECA /* CustomIconTableViewCell.swift in Sources */ = {isa = PBXBuildFile; fileRef = CA0EA6E31F463E8C000F1ECA /* CustomIconTableViewCell.swift */; };
		CA2AB96D1F4C7F90007C8918 /* Background.swift in Sources */ = {isa = PBXBuildFile; fileRef = CA2AB96C1F4C7F90007C8918 /* Background.swift */; };
		CA2AB96F1F4C8063007C8918 /* BackgroundController.swift in Sources */ = {isa = PBXBuildFile; fileRef = CA2AB96E1F4C8063007C8918 /* BackgroundController.swift */; };
		CA2AB9711F4C8908007C8918 /* AddIconImageTest.swift in Sources */ = {isa = PBXBuildFile; fileRef = CA2AB9701F4C8908007C8918 /* AddIconImageTest.swift */; };
		CA7EED141F434D8E0072F370 /* AppDelegate.swift in Sources */ = {isa = PBXBuildFile; fileRef = CA7EED131F434D8E0072F370 /* AppDelegate.swift */; };
		CA7EED191F434D8E0072F370 /* Main.storyboard in Resources */ = {isa = PBXBuildFile; fileRef = CA7EED171F434D8E0072F370 /* Main.storyboard */; };
		CA7EED1B1F434D8E0072F370 /* Assets.xcassets in Resources */ = {isa = PBXBuildFile; fileRef = CA7EED1A1F434D8E0072F370 /* Assets.xcassets */; };
		CA7EED1E1F434D8E0072F370 /* LaunchScreen.storyboard in Resources */ = {isa = PBXBuildFile; fileRef = CA7EED1C1F434D8E0072F370 /* LaunchScreen.storyboard */; };
		CA7EED281F4350700072F370 /* IconController.swift in Sources */ = {isa = PBXBuildFile; fileRef = CA7EED271F4350700072F370 /* IconController.swift */; };
		CA7EED2A1F4364260072F370 /* IconCollectionViewCell.swift in Sources */ = {isa = PBXBuildFile; fileRef = CA7EED291F4364260072F370 /* IconCollectionViewCell.swift */; };
		CA7EED2C1F436AB80072F370 /* Icon.swift in Sources */ = {isa = PBXBuildFile; fileRef = CA7EED2B1F436AB80072F370 /* Icon.swift */; };
		CABE98C51F47427000C11F37 /* BackgroundTableViewCell.swift in Sources */ = {isa = PBXBuildFile; fileRef = CABE98C41F47427000C11F37 /* BackgroundTableViewCell.swift */; };
		CABE98C71F474FE100C11F37 /* NewIconTableViewCell.swift in Sources */ = {isa = PBXBuildFile; fileRef = CABE98C61F474FE100C11F37 /* NewIconTableViewCell.swift */; };
		CABE98CB1F4B489200C11F37 /* MainViewController.swift in Sources */ = {isa = PBXBuildFile; fileRef = CABE98CA1F4B489200C11F37 /* MainViewController.swift */; };
		CAF1610B1F43A46600965040 /* IconDesign.xcdatamodeld in Sources */ = {isa = PBXBuildFile; fileRef = CAF161091F43A46600965040 /* IconDesign.xcdatamodeld */; };
		CAF161111F43A56400965040 /* CoreDataStack.swift in Sources */ = {isa = PBXBuildFile; fileRef = CAF161101F43A56400965040 /* CoreDataStack.swift */; };
/* End PBXBuildFile section */

/* Begin PBXFileReference section */
		CA0EA6DF1F463845000F1ECA /* IconView.swift */ = {isa = PBXFileReference; fileEncoding = 4; lastKnownFileType = sourcecode.swift; path = IconView.swift; sourceTree = "<group>"; };
		CA0EA6E11F463E6C000F1ECA /* DefaultIconTableViewCell.swift */ = {isa = PBXFileReference; fileEncoding = 4; lastKnownFileType = sourcecode.swift; path = DefaultIconTableViewCell.swift; sourceTree = "<group>"; };
		CA0EA6E31F463E8C000F1ECA /* CustomIconTableViewCell.swift */ = {isa = PBXFileReference; fileEncoding = 4; lastKnownFileType = sourcecode.swift; path = CustomIconTableViewCell.swift; sourceTree = "<group>"; };
		CA2AB96C1F4C7F90007C8918 /* Background.swift */ = {isa = PBXFileReference; fileEncoding = 4; lastKnownFileType = sourcecode.swift; path = Background.swift; sourceTree = "<group>"; };
		CA2AB96E1F4C8063007C8918 /* BackgroundController.swift */ = {isa = PBXFileReference; fileEncoding = 4; lastKnownFileType = sourcecode.swift; path = BackgroundController.swift; sourceTree = "<group>"; };
		CA2AB9701F4C8908007C8918 /* AddIconImageTest.swift */ = {isa = PBXFileReference; fileEncoding = 4; lastKnownFileType = sourcecode.swift; path = AddIconImageTest.swift; sourceTree = "<group>"; };
		CA7EED101F434D8E0072F370 /* IconDesign.app */ = {isa = PBXFileReference; explicitFileType = wrapper.application; includeInIndex = 0; path = IconDesign.app; sourceTree = BUILT_PRODUCTS_DIR; };
		CA7EED131F434D8E0072F370 /* AppDelegate.swift */ = {isa = PBXFileReference; lastKnownFileType = sourcecode.swift; path = AppDelegate.swift; sourceTree = "<group>"; };
		CA7EED181F434D8E0072F370 /* Base */ = {isa = PBXFileReference; lastKnownFileType = file.storyboard; name = Base; path = Base.lproj/Main.storyboard; sourceTree = "<group>"; };
		CA7EED1A1F434D8E0072F370 /* Assets.xcassets */ = {isa = PBXFileReference; lastKnownFileType = folder.assetcatalog; path = Assets.xcassets; sourceTree = "<group>"; };
		CA7EED1D1F434D8E0072F370 /* Base */ = {isa = PBXFileReference; lastKnownFileType = file.storyboard; name = Base; path = Base.lproj/LaunchScreen.storyboard; sourceTree = "<group>"; };
		CA7EED1F1F434D8E0072F370 /* Info.plist */ = {isa = PBXFileReference; lastKnownFileType = text.plist.xml; path = Info.plist; sourceTree = "<group>"; };
		CA7EED271F4350700072F370 /* IconController.swift */ = {isa = PBXFileReference; fileEncoding = 4; lastKnownFileType = sourcecode.swift; path = IconController.swift; sourceTree = "<group>"; };
		CA7EED291F4364260072F370 /* IconCollectionViewCell.swift */ = {isa = PBXFileReference; fileEncoding = 4; lastKnownFileType = sourcecode.swift; path = IconCollectionViewCell.swift; sourceTree = "<group>"; };
		CA7EED2B1F436AB80072F370 /* Icon.swift */ = {isa = PBXFileReference; fileEncoding = 4; lastKnownFileType = sourcecode.swift; path = Icon.swift; sourceTree = "<group>"; };
		CABE98C41F47427000C11F37 /* BackgroundTableViewCell.swift */ = {isa = PBXFileReference; fileEncoding = 4; lastKnownFileType = sourcecode.swift; path = BackgroundTableViewCell.swift; sourceTree = "<group>"; };
		CABE98C61F474FE100C11F37 /* NewIconTableViewCell.swift */ = {isa = PBXFileReference; fileEncoding = 4; lastKnownFileType = sourcecode.swift; path = NewIconTableViewCell.swift; sourceTree = "<group>"; };
		CABE98CA1F4B489200C11F37 /* MainViewController.swift */ = {isa = PBXFileReference; fileEncoding = 4; lastKnownFileType = sourcecode.swift; path = MainViewController.swift; sourceTree = "<group>"; };
		CAF1610A1F43A46600965040 /* IconDesign.xcdatamodel */ = {isa = PBXFileReference; lastKnownFileType = wrapper.xcdatamodel; path = IconDesign.xcdatamodel; sourceTree = "<group>"; };
		CAF161101F43A56400965040 /* CoreDataStack.swift */ = {isa = PBXFileReference; fileEncoding = 4; lastKnownFileType = sourcecode.swift; path = CoreDataStack.swift; sourceTree = "<group>"; };
/* End PBXFileReference section */

/* Begin PBXFrameworksBuildPhase section */
		CA7EED0D1F434D8E0072F370 /* Frameworks */ = {
			isa = PBXFrameworksBuildPhase;
			buildActionMask = 2147483647;
			files = (
			);
			runOnlyForDeploymentPostprocessing = 0;
		};
/* End PBXFrameworksBuildPhase section */

/* Begin PBXGroup section */
		CA7EED071F434D8E0072F370 = {
			isa = PBXGroup;
			children = (
				CA7EED121F434D8E0072F370 /* IconDesign */,
				CA7EED111F434D8E0072F370 /* Products */,
			);
			sourceTree = "<group>";
		};
		CA7EED111F434D8E0072F370 /* Products */ = {
			isa = PBXGroup;
			children = (
				CA7EED101F434D8E0072F370 /* IconDesign.app */,
			);
			name = Products;
			sourceTree = "<group>";
		};
		CA7EED121F434D8E0072F370 /* IconDesign */ = {
			isa = PBXGroup;
			children = (
				CAF1610C1F43A4F600965040 /* Models */,
				CAF1610F1F43A51F00965040 /* Model Controllers */,
				CAF1610E1F43A51000965040 /* ViewControllers */,
				CAF1610D1F43A50300965040 /* Storyboards */,
				CAF161121F43A5E300965040 /* Resources */,
			);
			path = IconDesign;
			sourceTree = "<group>";
		};
		CAF1610C1F43A4F600965040 /* Models */ = {
			isa = PBXGroup;
			children = (
				CAF161091F43A46600965040 /* IconDesign.xcdatamodeld */,
				CA7EED2B1F436AB80072F370 /* Icon.swift */,
				CA2AB96C1F4C7F90007C8918 /* Background.swift */,
				CAF161101F43A56400965040 /* CoreDataStack.swift */,
			);
			name = Models;
			sourceTree = "<group>";
		};
		CAF1610D1F43A50300965040 /* Storyboards */ = {
			isa = PBXGroup;
			children = (
				CA7EED171F434D8E0072F370 /* Main.storyboard */,
				CA7EED1C1F434D8E0072F370 /* LaunchScreen.storyboard */,
			);
			name = Storyboards;
			sourceTree = "<group>";
		};
		CAF1610E1F43A51000965040 /* ViewControllers */ = {
			isa = PBXGroup;
			children = (
				CABE98CA1F4B489200C11F37 /* MainViewController.swift */,
				CA7EED291F4364260072F370 /* IconCollectionViewCell.swift */,
				CA0EA6E11F463E6C000F1ECA /* DefaultIconTableViewCell.swift */,
				CA0EA6E31F463E8C000F1ECA /* CustomIconTableViewCell.swift */,
				CABE98C41F47427000C11F37 /* BackgroundTableViewCell.swift */,
				CABE98C61F474FE100C11F37 /* NewIconTableViewCell.swift */,
				CA0EA6DF1F463845000F1ECA /* IconView.swift */,
			);
			name = ViewControllers;
			sourceTree = "<group>";
		};
		CAF1610F1F43A51F00965040 /* Model Controllers */ = {
			isa = PBXGroup;
			children = (
				CA7EED271F4350700072F370 /* IconController.swift */,
				CA2AB96E1F4C8063007C8918 /* BackgroundController.swift */,
			);
			name = "Model Controllers";
			sourceTree = "<group>";
		};
		CAF161121F43A5E300965040 /* Resources */ = {
			isa = PBXGroup;
			children = (
				CA2AB9701F4C8908007C8918 /* AddIconImageTest.swift */,
				CA7EED131F434D8E0072F370 /* AppDelegate.swift */,
				CA7EED1A1F434D8E0072F370 /* Assets.xcassets */,
				CA7EED1F1F434D8E0072F370 /* Info.plist */,
			);
			name = Resources;
			sourceTree = "<group>";
		};
/* End PBXGroup section */

/* Begin PBXNativeTarget section */
		CA7EED0F1F434D8E0072F370 /* IconDesign */ = {
			isa = PBXNativeTarget;
			buildConfigurationList = CA7EED221F434D8E0072F370 /* Build configuration list for PBXNativeTarget "IconDesign" */;
			buildPhases = (
				CA7EED0C1F434D8E0072F370 /* Sources */,
				CA7EED0D1F434D8E0072F370 /* Frameworks */,
				CA7EED0E1F434D8E0072F370 /* Resources */,
			);
			buildRules = (
			);
			dependencies = (
			);
			name = IconDesign;
			productName = IconDesign;
			productReference = CA7EED101F434D8E0072F370 /* IconDesign.app */;
			productType = "com.apple.product-type.application";
		};
/* End PBXNativeTarget section */

/* Begin PBXProject section */
		CA7EED081F434D8E0072F370 /* Project object */ = {
			isa = PBXProject;
			attributes = {
				LastSwiftUpdateCheck = 0830;
				LastUpgradeCheck = 0830;
				ORGANIZATIONNAME = "Austin Money";
				TargetAttributes = {
					CA7EED0F1F434D8E0072F370 = {
						CreatedOnToolsVersion = 8.3.3;
						DevelopmentTeam = 692KVU5J3B;
						ProvisioningStyle = Automatic;
					};
				};
			};
			buildConfigurationList = CA7EED0B1F434D8E0072F370 /* Build configuration list for PBXProject "IconDesign" */;
			compatibilityVersion = "Xcode 3.2";
			developmentRegion = English;
			hasScannedForEncodings = 0;
			knownRegions = (
				en,
				Base,
			);
			mainGroup = CA7EED071F434D8E0072F370;
			productRefGroup = CA7EED111F434D8E0072F370 /* Products */;
			projectDirPath = "";
			projectRoot = "";
			targets = (
				CA7EED0F1F434D8E0072F370 /* IconDesign */,
			);
		};
/* End PBXProject section */

/* Begin PBXResourcesBuildPhase section */
		CA7EED0E1F434D8E0072F370 /* Resources */ = {
			isa = PBXResourcesBuildPhase;
			buildActionMask = 2147483647;
			files = (
				CA7EED1E1F434D8E0072F370 /* LaunchScreen.storyboard in Resources */,
				CA7EED1B1F434D8E0072F370 /* Assets.xcassets in Resources */,
				CA7EED191F434D8E0072F370 /* Main.storyboard in Resources */,
			);
			runOnlyForDeploymentPostprocessing = 0;
		};
/* End PBXResourcesBuildPhase section */

/* Begin PBXSourcesBuildPhase section */
		CA7EED0C1F434D8E0072F370 /* Sources */ = {
			isa = PBXSourcesBuildPhase;
			buildActionMask = 2147483647;
			files = (
				CAF161111F43A56400965040 /* CoreDataStack.swift in Sources */,
				CA7EED2C1F436AB80072F370 /* Icon.swift in Sources */,
				CA2AB9711F4C8908007C8918 /* AddIconImageTest.swift in Sources */,
				CA7EED141F434D8E0072F370 /* AppDelegate.swift in Sources */,
				CABE98C51F47427000C11F37 /* BackgroundTableViewCell.swift in Sources */,
				CA0EA6E41F463E8C000F1ECA /* CustomIconTableViewCell.swift in Sources */,
				CAF1610B1F43A46600965040 /* IconDesign.xcdatamodeld in Sources */,
				CA0EA6E21F463E6C000F1ECA /* DefaultIconTableViewCell.swift in Sources */,
				CA7EED281F4350700072F370 /* IconController.swift in Sources */,
				CABE98CB1F4B489200C11F37 /* MainViewController.swift in Sources */,
				CA2AB96D1F4C7F90007C8918 /* Background.swift in Sources */,
				CA2AB96F1F4C8063007C8918 /* BackgroundController.swift in Sources */,
				CABE98C71F474FE100C11F37 /* NewIconTableViewCell.swift in Sources */,
				CA0EA6E01F463845000F1ECA /* IconView.swift in Sources */,
				CA7EED2A1F4364260072F370 /* IconCollectionViewCell.swift in Sources */,
			);
			runOnlyForDeploymentPostprocessing = 0;
		};
/* End PBXSourcesBuildPhase section */

/* Begin PBXVariantGroup section */
		CA7EED171F434D8E0072F370 /* Main.storyboard */ = {
			isa = PBXVariantGroup;
			children = (
				CA7EED181F434D8E0072F370 /* Base */,
			);
			name = Main.storyboard;
			sourceTree = "<group>";
		};
		CA7EED1C1F434D8E0072F370 /* LaunchScreen.storyboard */ = {
			isa = PBXVariantGroup;
			children = (
				CA7EED1D1F434D8E0072F370 /* Base */,
			);
			name = LaunchScreen.storyboard;
			sourceTree = "<group>";
		};
/* End PBXVariantGroup section */

/* Begin XCBuildConfiguration section */
		CA7EED201F434D8E0072F370 /* Debug */ = {
			isa = XCBuildConfiguration;
			buildSettings = {
				ALWAYS_SEARCH_USER_PATHS = NO;
				CLANG_ANALYZER_NONNULL = YES;
				CLANG_ANALYZER_NUMBER_OBJECT_CONVERSION = YES_AGGRESSIVE;
				CLANG_CXX_LANGUAGE_STANDARD = "gnu++0x";
				CLANG_CXX_LIBRARY = "libc++";
				CLANG_ENABLE_MODULES = YES;
				CLANG_ENABLE_OBJC_ARC = YES;
				CLANG_WARN_BOOL_CONVERSION = YES;
				CLANG_WARN_CONSTANT_CONVERSION = YES;
				CLANG_WARN_DIRECT_OBJC_ISA_USAGE = YES_ERROR;
				CLANG_WARN_DOCUMENTATION_COMMENTS = YES;
				CLANG_WARN_EMPTY_BODY = YES;
				CLANG_WARN_ENUM_CONVERSION = YES;
				CLANG_WARN_INFINITE_RECURSION = YES;
				CLANG_WARN_INT_CONVERSION = YES;
				CLANG_WARN_OBJC_ROOT_CLASS = YES_ERROR;
				CLANG_WARN_SUSPICIOUS_MOVE = YES;
				CLANG_WARN_UNREACHABLE_CODE = YES;
				CLANG_WARN__DUPLICATE_METHOD_MATCH = YES;
				"CODE_SIGN_IDENTITY[sdk=iphoneos*]" = "iPhone Developer";
				COPY_PHASE_STRIP = NO;
				DEBUG_INFORMATION_FORMAT = dwarf;
				ENABLE_STRICT_OBJC_MSGSEND = YES;
				ENABLE_TESTABILITY = YES;
				GCC_C_LANGUAGE_STANDARD = gnu99;
				GCC_DYNAMIC_NO_PIC = NO;
				GCC_NO_COMMON_BLOCKS = YES;
				GCC_OPTIMIZATION_LEVEL = 0;
				GCC_PREPROCESSOR_DEFINITIONS = (
					"DEBUG=1",
					"$(inherited)",
				);
				GCC_WARN_64_TO_32_BIT_CONVERSION = YES;
				GCC_WARN_ABOUT_RETURN_TYPE = YES_ERROR;
				GCC_WARN_UNDECLARED_SELECTOR = YES;
				GCC_WARN_UNINITIALIZED_AUTOS = YES_AGGRESSIVE;
				GCC_WARN_UNUSED_FUNCTION = YES;
				GCC_WARN_UNUSED_VARIABLE = YES;
				IPHONEOS_DEPLOYMENT_TARGET = 10.3;
				MTL_ENABLE_DEBUG_INFO = YES;
				ONLY_ACTIVE_ARCH = YES;
				SDKROOT = iphoneos;
				SWIFT_ACTIVE_COMPILATION_CONDITIONS = DEBUG;
				SWIFT_OPTIMIZATION_LEVEL = "-Onone";
				TARGETED_DEVICE_FAMILY = "1,2";
			};
			name = Debug;
		};
		CA7EED211F434D8E0072F370 /* Release */ = {
			isa = XCBuildConfiguration;
			buildSettings = {
				ALWAYS_SEARCH_USER_PATHS = NO;
				CLANG_ANALYZER_NONNULL = YES;
				CLANG_ANALYZER_NUMBER_OBJECT_CONVERSION = YES_AGGRESSIVE;
				CLANG_CXX_LANGUAGE_STANDARD = "gnu++0x";
				CLANG_CXX_LIBRARY = "libc++";
				CLANG_ENABLE_MODULES = YES;
				CLANG_ENABLE_OBJC_ARC = YES;
				CLANG_WARN_BOOL_CONVERSION = YES;
				CLANG_WARN_CONSTANT_CONVERSION = YES;
				CLANG_WARN_DIRECT_OBJC_ISA_USAGE = YES_ERROR;
				CLANG_WARN_DOCUMENTATION_COMMENTS = YES;
				CLANG_WARN_EMPTY_BODY = YES;
				CLANG_WARN_ENUM_CONVERSION = YES;
				CLANG_WARN_INFINITE_RECURSION = YES;
				CLANG_WARN_INT_CONVERSION = YES;
				CLANG_WARN_OBJC_ROOT_CLASS = YES_ERROR;
				CLANG_WARN_SUSPICIOUS_MOVE = YES;
				CLANG_WARN_UNREACHABLE_CODE = YES;
				CLANG_WARN__DUPLICATE_METHOD_MATCH = YES;
				"CODE_SIGN_IDENTITY[sdk=iphoneos*]" = "iPhone Developer";
				COPY_PHASE_STRIP = NO;
				DEBUG_INFORMATION_FORMAT = "dwarf-with-dsym";
				ENABLE_NS_ASSERTIONS = NO;
				ENABLE_STRICT_OBJC_MSGSEND = YES;
				GCC_C_LANGUAGE_STANDARD = gnu99;
				GCC_NO_COMMON_BLOCKS = YES;
				GCC_WARN_64_TO_32_BIT_CONVERSION = YES;
				GCC_WARN_ABOUT_RETURN_TYPE = YES_ERROR;
				GCC_WARN_UNDECLARED_SELECTOR = YES;
				GCC_WARN_UNINITIALIZED_AUTOS = YES_AGGRESSIVE;
				GCC_WARN_UNUSED_FUNCTION = YES;
				GCC_WARN_UNUSED_VARIABLE = YES;
				IPHONEOS_DEPLOYMENT_TARGET = 10.3;
				MTL_ENABLE_DEBUG_INFO = NO;
				SDKROOT = iphoneos;
				SWIFT_OPTIMIZATION_LEVEL = "-Owholemodule";
				TARGETED_DEVICE_FAMILY = "1,2";
				VALIDATE_PRODUCT = YES;
			};
			name = Release;
		};
		CA7EED231F434D8E0072F370 /* Debug */ = {
			isa = XCBuildConfiguration;
			buildSettings = {
				ASSETCATALOG_COMPILER_APPICON_NAME = AppIcon;
				DEVELOPMENT_TEAM = 692KVU5J3B;
				INFOPLIST_FILE = IconDesign/Info.plist;
				LD_RUNPATH_SEARCH_PATHS = "$(inherited) @executable_path/Frameworks";
				PRODUCT_BUNDLE_IDENTIFIER = com.AustinMoney.IconDesign;
				PRODUCT_NAME = "$(TARGET_NAME)";
				SWIFT_VERSION = 3.0;
				TARGETED_DEVICE_FAMILY = 1;
			};
			name = Debug;
		};
		CA7EED241F434D8E0072F370 /* Release */ = {
			isa = XCBuildConfiguration;
			buildSettings = {
				ASSETCATALOG_COMPILER_APPICON_NAME = AppIcon;
				DEVELOPMENT_TEAM = 692KVU5J3B;
				INFOPLIST_FILE = IconDesign/Info.plist;
				LD_RUNPATH_SEARCH_PATHS = "$(inherited) @executable_path/Frameworks";
				PRODUCT_BUNDLE_IDENTIFIER = com.AustinMoney.IconDesign;
				PRODUCT_NAME = "$(TARGET_NAME)";
				SWIFT_VERSION = 3.0;
				TARGETED_DEVICE_FAMILY = 1;
			};
			name = Release;
		};
/* End XCBuildConfiguration section */

/* Begin XCConfigurationList section */
		CA7EED0B1F434D8E0072F370 /* Build configuration list for PBXProject "IconDesign" */ = {
			isa = XCConfigurationList;
			buildConfigurations = (
				CA7EED201F434D8E0072F370 /* Debug */,
				CA7EED211F434D8E0072F370 /* Release */,
			);
			defaultConfigurationIsVisible = 0;
			defaultConfigurationName = Release;
		};
		CA7EED221F434D8E0072F370 /* Build configuration list for PBXNativeTarget "IconDesign" */ = {
			isa = XCConfigurationList;
			buildConfigurations = (
				CA7EED231F434D8E0072F370 /* Debug */,
				CA7EED241F434D8E0072F370 /* Release */,
			);
			defaultConfigurationIsVisible = 0;
			defaultConfigurationName = Release;
		};
/* End XCConfigurationList section */

/* Begin XCVersionGroup section */
		CAF161091F43A46600965040 /* IconDesign.xcdatamodeld */ = {
			isa = XCVersionGroup;
			children = (
				CAF1610A1F43A46600965040 /* IconDesign.xcdatamodel */,
			);
			currentVersion = CAF1610A1F43A46600965040 /* IconDesign.xcdatamodel */;
			path = IconDesign.xcdatamodeld;
			sourceTree = "<group>";
			versionGroupType = wrapper.xcdatamodel;
		};
/* End XCVersionGroup section */
	};
	rootObject = CA7EED081F434D8E0072F370 /* Project object */;
}
